
Microsoft Visual Studio Solution File, Format Version 12.00
# Visual Studio Version 16
VisualStudioVersion = 16.0.31402.337
MinimumVisualStudioVersion = 10.0.40219.1
Project("{FAE04EC0-301F-11D3-BF4B-00C04F79EFBC}") = "Scheduler", "Scheduler\Scheduler.csproj", "{6ED1E951-26B8-40CF-8A09-38F3CE90B32A}"
EndProject
Project("{9A19103F-16F7-4668-BE54-9A1E7A4F7556}") = "Scheduler.TestProject", "Scheduler.TestProject\Scheduler.TestProject.csproj", "{57D5CF5E-011A-400D-9FFF-64FC749CAEE4}"
EndProject
Global
	GlobalSection(SolutionConfigurationPlatforms) = preSolution
		Debug|Any CPU = Debug|Any CPU
		Release|Any CPU = Release|Any CPU
	EndGlobalSection
	GlobalSection(ProjectConfigurationPlatforms) = postSolution
		{6ED1E951-26B8-40CF-8A09-38F3CE90B32A}.Debug|Any CPU.ActiveCfg = Debug|Any CPU
		{6ED1E951-26B8-40CF-8A09-38F3CE90B32A}.Debug|Any CPU.Build.0 = Debug|Any CPU
		{6ED1E951-26B8-40CF-8A09-38F3CE90B32A}.Release|Any CPU.ActiveCfg = Release|Any CPU
		{6ED1E951-26B8-40CF-8A09-38F3CE90B32A}.Release|Any CPU.Build.0 = Release|Any CPU
		{57D5CF5E-011A-400D-9FFF-64FC749CAEE4}.Debug|Any CPU.ActiveCfg = Debug|Any CPU
		{57D5CF5E-011A-400D-9FFF-64FC749CAEE4}.Debug|Any CPU.Build.0 = Debug|Any CPU
		{57D5CF5E-011A-400D-9FFF-64FC749CAEE4}.Release|Any CPU.ActiveCfg = Release|Any CPU
		{57D5CF5E-011A-400D-9FFF-64FC749CAEE4}.Release|Any CPU.Build.0 = Release|Any CPU
	EndGlobalSection
	GlobalSection(SolutionProperties) = preSolution
		HideSolutionNode = FALSE
	EndGlobalSection
	GlobalSection(ExtensibilityGlobals) = postSolution
		SolutionGuid = {F4FDA38A-AD33-43C4-A08D-6570E053B0F1}
	EndGlobalSection
EndGlobal
